// !$*UTF8*$!
{
	archiveVersion = 1;
	classes = {
	};
	objectVersion = 50;
	objects = {

/* Begin PBXBuildFile section */
		B7CBECDF23332C9D0061E87A /* AppDelegate.swift in Sources */ = {isa = PBXBuildFile; fileRef = B7CBECDE23332C9D0061E87A /* AppDelegate.swift */; };
		B7CBECE123332C9D0061E87A /* ViewController.swift in Sources */ = {isa = PBXBuildFile; fileRef = B7CBECE023332C9D0061E87A /* ViewController.swift */; };
		B7CBECE423332C9D0061E87A /* Main.storyboard in Resources */ = {isa = PBXBuildFile; fileRef = B7CBECE223332C9D0061E87A /* Main.storyboard */; };
		B7CBECE723332C9D0061E87A /* Treasunnaire.xcdatamodeld in Sources */ = {isa = PBXBuildFile; fileRef = B7CBECE523332C9D0061E87A /* Treasunnaire.xcdatamodeld */; };
		B7CBECE923332C9E0061E87A /* Assets.xcassets in Resources */ = {isa = PBXBuildFile; fileRef = B7CBECE823332C9E0061E87A /* Assets.xcassets */; };
		B7CBECEC23332C9E0061E87A /* LaunchScreen.storyboard in Resources */ = {isa = PBXBuildFile; fileRef = B7CBECEA23332C9E0061E87A /* LaunchScreen.storyboard */; };
		B7CBECF5233331500061E87A /* QuestionnaireCell.swift in Sources */ = {isa = PBXBuildFile; fileRef = B7CBECF4233331500061E87A /* QuestionnaireCell.swift */; };
		B7CBECF8233338EA0061E87A /* SignupController.swift in Sources */ = {isa = PBXBuildFile; fileRef = B7CBECF7233338EA0061E87A /* SignupController.swift */; };
		B7CBECFA233339040061E87A /* SigninController.swift in Sources */ = {isa = PBXBuildFile; fileRef = B7CBECF9233339040061E87A /* SigninController.swift */; };
/* End PBXBuildFile section */

/* Begin PBXFileReference section */
		B7CBECDB23332C9D0061E87A /* Treasunnaire.app */ = {isa = PBXFileReference; explicitFileType = wrapper.application; includeInIndex = 0; path = Treasunnaire.app; sourceTree = BUILT_PRODUCTS_DIR; };
		B7CBECDE23332C9D0061E87A /* AppDelegate.swift */ = {isa = PBXFileReference; lastKnownFileType = sourcecode.swift; path = AppDelegate.swift; sourceTree = "<group>"; };
		B7CBECE023332C9D0061E87A /* ViewController.swift */ = {isa = PBXFileReference; lastKnownFileType = sourcecode.swift; path = ViewController.swift; sourceTree = "<group>"; };
		B7CBECE323332C9D0061E87A /* Base */ = {isa = PBXFileReference; lastKnownFileType = file.storyboard; name = Base; path = Base.lproj/Main.storyboard; sourceTree = "<group>"; };
		B7CBECE623332C9D0061E87A /* Treasunnaire.xcdatamodel */ = {isa = PBXFileReference; lastKnownFileType = wrapper.xcdatamodel; path = Treasunnaire.xcdatamodel; sourceTree = "<group>"; };
		B7CBECE823332C9E0061E87A /* Assets.xcassets */ = {isa = PBXFileReference; lastKnownFileType = folder.assetcatalog; path = Assets.xcassets; sourceTree = "<group>"; };
		B7CBECEB23332C9E0061E87A /* Base */ = {isa = PBXFileReference; lastKnownFileType = file.storyboard; name = Base; path = Base.lproj/LaunchScreen.storyboard; sourceTree = "<group>"; };
		B7CBECED23332C9E0061E87A /* Info.plist */ = {isa = PBXFileReference; lastKnownFileType = text.plist.xml; path = Info.plist; sourceTree = "<group>"; };
		B7CBECF4233331500061E87A /* QuestionnaireCell.swift */ = {isa = PBXFileReference; lastKnownFileType = sourcecode.swift; path = QuestionnaireCell.swift; sourceTree = "<group>"; };
		B7CBECF7233338EA0061E87A /* SignupController.swift */ = {isa = PBXFileReference; lastKnownFileType = sourcecode.swift; path = SignupController.swift; sourceTree = "<group>"; };
		B7CBECF9233339040061E87A /* SigninController.swift */ = {isa = PBXFileReference; lastKnownFileType = sourcecode.swift; path = SigninController.swift; sourceTree = "<group>"; };
/* End PBXFileReference section */

/* Begin PBXFrameworksBuildPhase section */
		B7CBECD823332C9D0061E87A /* Frameworks */ = {
			isa = PBXFrameworksBuildPhase;
			buildActionMask = 2147483647;
			files = (
			);
			runOnlyForDeploymentPostprocessing = 0;
		};
/* End PBXFrameworksBuildPhase section */

/* Begin PBXGroup section */
		B7CBECD223332C9D0061E87A = {
			isa = PBXGroup;
			children = (
				B7CBECDD23332C9D0061E87A /* Treasunnaire */,
				B7CBECDC23332C9D0061E87A /* Products */,
			);
			sourceTree = "<group>";
		};
		B7CBECDC23332C9D0061E87A /* Products */ = {
			isa = PBXGroup;
			children = (
				B7CBECDB23332C9D0061E87A /* Treasunnaire.app */,
			);
			name = Products;
			sourceTree = "<group>";
		};
		B7CBECDD23332C9D0061E87A /* Treasunnaire */ = {
			isa = PBXGroup;
			children = (
				B7CBECF6233338C00061E87A /* Controllers */,
				B7CBECF32333311A0061E87A /* Models */,
				B7CBECDE23332C9D0061E87A /* AppDelegate.swift */,
				B7CBECE223332C9D0061E87A /* Main.storyboard */,
				B7CBECE823332C9E0061E87A /* Assets.xcassets */,
				B7CBECEA23332C9E0061E87A /* LaunchScreen.storyboard */,
				B7CBECED23332C9E0061E87A /* Info.plist */,
				B7CBECE523332C9D0061E87A /* Treasunnaire.xcdatamodeld */,
			);
			path = Treasunnaire;
			sourceTree = "<group>";
		};
		B7CBECF32333311A0061E87A /* Models */ = {
			isa = PBXGroup;
			children = (
				B7CBECF4233331500061E87A /* QuestionnaireCell.swift */,
			);
			path = Models;
			sourceTree = "<group>";
		};
		B7CBECF6233338C00061E87A /* Controllers */ = {
			isa = PBXGroup;
			children = (
				B7CBECE023332C9D0061E87A /* ViewController.swift */,
				B7CBECF7233338EA0061E87A /* SignupController.swift */,
				B7CBECF9233339040061E87A /* SigninController.swift */,
			);
			path = Controllers;
			sourceTree = "<group>";
		};
/* End PBXGroup section */

/* Begin PBXNativeTarget section */
		B7CBECDA23332C9D0061E87A /* Treasunnaire */ = {
			isa = PBXNativeTarget;
			buildConfigurationList = B7CBECF023332C9E0061E87A /* Build configuration list for PBXNativeTarget "Treasunnaire" */;
			buildPhases = (
				B7CBECD723332C9D0061E87A /* Sources */,
				B7CBECD823332C9D0061E87A /* Frameworks */,
				B7CBECD923332C9D0061E87A /* Resources */,
			);
			buildRules = (
			);
			dependencies = (
			);
			name = Treasunnaire;
			productName = Treasunnaire;
			productReference = B7CBECDB23332C9D0061E87A /* Treasunnaire.app */;
			productType = "com.apple.product-type.application";
		};
/* End PBXNativeTarget section */

/* Begin PBXProject section */
		B7CBECD323332C9D0061E87A /* Project object */ = {
			isa = PBXProject;
			attributes = {
				LastSwiftUpdateCheck = 1030;
				LastUpgradeCheck = 1030;
				ORGANIZATIONNAME = "Batavia Hack Town";
				TargetAttributes = {
					B7CBECDA23332C9D0061E87A = {
						CreatedOnToolsVersion = 10.3;
					};
				};
			};
			buildConfigurationList = B7CBECD623332C9D0061E87A /* Build configuration list for PBXProject "Treasunnaire" */;
			compatibilityVersion = "Xcode 9.3";
			developmentRegion = en;
			hasScannedForEncodings = 0;
			knownRegions = (
				en,
				Base,
			);
			mainGroup = B7CBECD223332C9D0061E87A;
			productRefGroup = B7CBECDC23332C9D0061E87A /* Products */;
			projectDirPath = "";
			projectRoot = "";
			targets = (
				B7CBECDA23332C9D0061E87A /* Treasunnaire */,
			);
		};
/* End PBXProject section */

/* Begin PBXResourcesBuildPhase section */
		B7CBECD923332C9D0061E87A /* Resources */ = {
			isa = PBXResourcesBuildPhase;
			buildActionMask = 2147483647;
			files = (
				B7CBECEC23332C9E0061E87A /* LaunchScreen.storyboard in Resources */,
				B7CBECE923332C9E0061E87A /* Assets.xcassets in Resources */,
				B7CBECE423332C9D0061E87A /* Main.storyboard in Resources */,
			);
			runOnlyForDeploymentPostprocessing = 0;
		};
/* End PBXResourcesBuildPhase section */

/* Begin PBXSourcesBuildPhase section */
		B7CBECD723332C9D0061E87A /* Sources */ = {
			isa = PBXSourcesBuildPhase;
			buildActionMask = 2147483647;
			files = (
				B7CBECE723332C9D0061E87A /* Treasunnaire.xcdatamodeld in Sources */,
				B7CBECFA233339040061E87A /* SigninController.swift in Sources */,
				B7CBECF5233331500061E87A /* QuestionnaireCell.swift in Sources */,
				B7CBECE123332C9D0061E87A /* ViewController.swift in Sources */,
				B7CBECF8233338EA0061E87A /* SignupController.swift in Sources */,
				B7CBECDF23332C9D0061E87A /* AppDelegate.swift in Sources */,
			);
			runOnlyForDeploymentPostprocessing = 0;
		};
/* End PBXSourcesBuildPhase section */

/* Begin PBXVariantGroup section */
		B7CBECE223332C9D0061E87A /* Main.storyboard */ = {
			isa = PBXVariantGroup;
			children = (
				B7CBECE323332C9D0061E87A /* Base */,
			);
			name = Main.storyboard;
			sourceTree = "<group>";
		};
		B7CBECEA23332C9E0061E87A /* LaunchScreen.storyboard */ = {
			isa = PBXVariantGroup;
			children = (
				B7CBECEB23332C9E0061E87A /* Base */,
			);
			name = LaunchScreen.storyboard;
			sourceTree = "<group>";
		};
/* End PBXVariantGroup section */

/* Begin XCBuildConfiguration section */
		B7CBECEE23332C9E0061E87A /* Debug */ = {
			isa = XCBuildConfiguration;
			buildSettings = {
				ALWAYS_SEARCH_USER_PATHS = NO;
				CLANG_ANALYZER_NONNULL = YES;
				CLANG_ANALYZER_NUMBER_OBJECT_CONVERSION = YES_AGGRESSIVE;
				CLANG_CXX_LANGUAGE_STANDARD = "gnu++14";
				CLANG_CXX_LIBRARY = "libc++";
				CLANG_ENABLE_MODULES = YES;
				CLANG_ENABLE_OBJC_ARC = YES;
				CLANG_ENABLE_OBJC_WEAK = YES;
				CLANG_WARN_BLOCK_CAPTURE_AUTORELEASING = YES;
				CLANG_WARN_BOOL_CONVERSION = YES;
				CLANG_WARN_COMMA = YES;
				CLANG_WARN_CONSTANT_CONVERSION = YES;
				CLANG_WARN_DEPRECATED_OBJC_IMPLEMENTATIONS = YES;
				CLANG_WARN_DIRECT_OBJC_ISA_USAGE = YES_ERROR;
				CLANG_WARN_DOCUMENTATION_COMMENTS = YES;
				CLANG_WARN_EMPTY_BODY = YES;
				CLANG_WARN_ENUM_CONVERSION = YES;
				CLANG_WARN_INFINITE_RECURSION = YES;
				CLANG_WARN_INT_CONVERSION = YES;
				CLANG_WARN_NON_LITERAL_NULL_CONVERSION = YES;
				CLANG_WARN_OBJC_IMPLICIT_RETAIN_SELF = YES;
				CLANG_WARN_OBJC_LITERAL_CONVERSION = YES;
				CLANG_WARN_OBJC_ROOT_CLASS = YES_ERROR;
				CLANG_WARN_RANGE_LOOP_ANALYSIS = YES;
				CLANG_WARN_STRICT_PROTOTYPES = YES;
				CLANG_WARN_SUSPICIOUS_MOVE = YES;
				CLANG_WARN_UNGUARDED_AVAILABILITY = YES_AGGRESSIVE;
				CLANG_WARN_UNREACHABLE_CODE = YES;
				CLANG_WARN__DUPLICATE_METHOD_MATCH = YES;
				CODE_SIGN_IDENTITY = "iPhone Developer";
				COPY_PHASE_STRIP = NO;
				DEBUG_INFORMATION_FORMAT = dwarf;
				ENABLE_STRICT_OBJC_MSGSEND = YES;
				ENABLE_TESTABILITY = YES;
				GCC_C_LANGUAGE_STANDARD = gnu11;
				GCC_DYNAMIC_NO_PIC = NO;
				GCC_NO_COMMON_BLOCKS = YES;
				GCC_OPTIMIZATION_LEVEL = 0;
				GCC_PREPROCESSOR_DEFINITIONS = (
					"DEBUG=1",
					"$(inherited)",
				);
				GCC_WARN_64_TO_32_BIT_CONVERSION = YES;
				GCC_WARN_ABOUT_RETURN_TYPE = YES_ERROR;
				GCC_WARN_UNDECLARED_SELECTOR = YES;
				GCC_WARN_UNINITIALIZED_AUTOS = YES_AGGRESSIVE;
				GCC_WARN_UNUSED_FUNCTION = YES;
				GCC_WARN_UNUSED_VARIABLE = YES;
				IPHONEOS_DEPLOYMENT_TARGET = 12.4;
				MTL_ENABLE_DEBUG_INFO = INCLUDE_SOURCE;
				MTL_FAST_MATH = YES;
				ONLY_ACTIVE_ARCH = YES;
				SDKROOT = iphoneos;
				SWIFT_ACTIVE_COMPILATION_CONDITIONS = DEBUG;
				SWIFT_OPTIMIZATION_LEVEL = "-Onone";
			};
			name = Debug;
		};
		B7CBECEF23332C9E0061E87A /* Release */ = {
			isa = XCBuildConfiguration;
			buildSettings = {
				ALWAYS_SEARCH_USER_PATHS = NO;
				CLANG_ANALYZER_NONNULL = YES;
				CLANG_ANALYZER_NUMBER_OBJECT_CONVERSION = YES_AGGRESSIVE;
				CLANG_CXX_LANGUAGE_STANDARD = "gnu++14";
				CLANG_CXX_LIBRARY = "libc++";
				CLANG_ENABLE_MODULES = YES;
				CLANG_ENABLE_OBJC_ARC = YES;
				CLANG_ENABLE_OBJC_WEAK = YES;
				CLANG_WARN_BLOCK_CAPTURE_AUTORELEASING = YES;
				CLANG_WARN_BOOL_CONVERSION = YES;
				CLANG_WARN_COMMA = YES;
				CLANG_WARN_CONSTANT_CONVERSION = YES;
				CLANG_WARN_DEPRECATED_OBJC_IMPLEMENTATIONS = YES;
				CLANG_WARN_DIRECT_OBJC_ISA_USAGE = YES_ERROR;
				CLANG_WARN_DOCUMENTATION_COMMENTS = YES;
				CLANG_WARN_EMPTY_BODY = YES;
				CLANG_WARN_ENUM_CONVERSION = YES;
				CLANG_WARN_INFINITE_RECURSION = YES;
				CLANG_WARN_INT_CONVERSION = YES;
				CLANG_WARN_NON_LITERAL_NULL_CONVERSION = YES;
				CLANG_WARN_OBJC_IMPLICIT_RETAIN_SELF = YES;
				CLANG_WARN_OBJC_LITERAL_CONVERSION = YES;
				CLANG_WARN_OBJC_ROOT_CLASS = YES_ERROR;
				CLANG_WARN_RANGE_LOOP_ANALYSIS = YES;
				CLANG_WARN_STRICT_PROTOTYPES = YES;
				CLANG_WARN_SUSPICIOUS_MOVE = YES;
				CLANG_WARN_UNGUARDED_AVAILABILITY = YES_AGGRESSIVE;
				CLANG_WARN_UNREACHABLE_CODE = YES;
				CLANG_WARN__DUPLICATE_METHOD_MATCH = YES;
				CODE_SIGN_IDENTITY = "iPhone Developer";
				COPY_PHASE_STRIP = NO;
				DEBUG_INFORMATION_FORMAT = "dwarf-with-dsym";
				ENABLE_NS_ASSERTIONS = NO;
				ENABLE_STRICT_OBJC_MSGSEND = YES;
				GCC_C_LANGUAGE_STANDARD = gnu11;
				GCC_NO_COMMON_BLOCKS = YES;
				GCC_WARN_64_TO_32_BIT_CONVERSION = YES;
				GCC_WARN_ABOUT_RETURN_TYPE = YES_ERROR;
				GCC_WARN_UNDECLARED_SELECTOR = YES;
				GCC_WARN_UNINITIALIZED_AUTOS = YES_AGGRESSIVE;
				GCC_WARN_UNUSED_FUNCTION = YES;
				GCC_WARN_UNUSED_VARIABLE = YES;
				IPHONEOS_DEPLOYMENT_TARGET = 12.4;
				MTL_ENABLE_DEBUG_INFO = NO;
				MTL_FAST_MATH = YES;
				SDKROOT = iphoneos;
				SWIFT_COMPILATION_MODE = wholemodule;
				SWIFT_OPTIMIZATION_LEVEL = "-O";
				VALIDATE_PRODUCT = YES;
			};
			name = Release;
		};
		B7CBECF123332C9E0061E87A /* Debug */ = {
			isa = XCBuildConfiguration;
			buildSettings = {
				ASSETCATALOG_COMPILER_APPICON_NAME = AppIcon;
				CODE_SIGN_STYLE = Automatic;
				DEVELOPMENT_TEAM = C476YGMRCM;
				INFOPLIST_FILE = Treasunnaire/Info.plist;
				LD_RUNPATH_SEARCH_PATHS = (
					"$(inherited)",
					"@executable_path/Frameworks",
				);
				PRODUCT_BUNDLE_IDENTIFIER = com.behato.Treasunnaire;
				PRODUCT_NAME = "$(TARGET_NAME)";
				SWIFT_VERSION = 5.0;
				TARGETED_DEVICE_FAMILY = "1,2";
			};
			name = Debug;
		};
		B7CBECF223332C9E0061E87A /* Release */ = {
			isa = XCBuildConfiguration;
			buildSettings = {
				ASSETCATALOG_COMPILER_APPICON_NAME = AppIcon;
				CODE_SIGN_STYLE = Automatic;
				DEVELOPMENT_TEAM = C476YGMRCM;
				INFOPLIST_FILE = Treasunnaire/Info.plist;
				LD_RUNPATH_SEARCH_PATHS = (
					"$(inherited)",
					"@executable_path/Frameworks",
				);
				PRODUCT_BUNDLE_IDENTIFIER = com.behato.Treasunnaire;
				PRODUCT_NAME = "$(TARGET_NAME)";
				SWIFT_VERSION = 5.0;
				TARGETED_DEVICE_FAMILY = "1,2";
			};
			name = Release;
		};
/* End XCBuildConfiguration section */

/* Begin XCConfigurationList section */
		B7CBECD623332C9D0061E87A /* Build configuration list for PBXProject "Treasunnaire" */ = {
			isa = XCConfigurationList;
			buildConfigurations = (
				B7CBECEE23332C9E0061E87A /* Debug */,
				B7CBECEF23332C9E0061E87A /* Release */,
			);
			defaultConfigurationIsVisible = 0;
			defaultConfigurationName = Release;
		};
		B7CBECF023332C9E0061E87A /* Build configuration list for PBXNativeTarget "Treasunnaire" */ = {
			isa = XCConfigurationList;
			buildConfigurations = (
				B7CBECF123332C9E0061E87A /* Debug */,
				B7CBECF223332C9E0061E87A /* Release */,
			);
			defaultConfigurationIsVisible = 0;
			defaultConfigurationName = Release;
		};
/* End XCConfigurationList section */

/* Begin XCVersionGroup section */
		B7CBECE523332C9D0061E87A /* Treasunnaire.xcdatamodeld */ = {
			isa = XCVersionGroup;
			children = (
				B7CBECE623332C9D0061E87A /* Treasunnaire.xcdatamodel */,
			);
			currentVersion = B7CBECE623332C9D0061E87A /* Treasunnaire.xcdatamodel */;
			path = Treasunnaire.xcdatamodeld;
			sourceTree = "<group>";
			versionGroupType = wrapper.xcdatamodel;
		};
/* End XCVersionGroup section */
	};
	rootObject = B7CBECD323332C9D0061E87A /* Project object */;
}
